
Microsoft Visual Studio Solution File, Format Version 12.00
# Visual Studio Version 17
VisualStudioVersion = 17.5.33530.505
MinimumVisualStudioVersion = 10.0.40219.1
Project("{FAE04EC0-301F-11D3-BF4B-00C04F79EFBC}") = "DevextremeProject", "DevextremeProject\DevextremeProject.csproj", "{65DD3524-36BA-4BF4-BFEB-93F97E343D5C}"
EndProject
Project("{2150E333-8FDC-42A3-9474-1A3956D46DE8}") = "DevExtreme NuGet.config", "DevExtreme NuGet.config", "{9E36E06F-40DC-4B33-8C93-14B4A9344BC2}"
	ProjectSection(SolutionItems) = preProject
		NuGet.config = NuGet.config
	EndProjectSection
EndProject
Global
	GlobalSection(SolutionConfigurationPlatforms) = preSolution
		Debug|Any CPU = Debug|Any CPU
		Release|Any CPU = Release|Any CPU
	EndGlobalSection
	GlobalSection(ProjectConfigurationPlatforms) = postSolution
		{65DD3524-36BA-4BF4-BFEB-93F97E343D5C}.Debug|Any CPU.ActiveCfg = Debug|Any CPU
		{65DD3524-36BA-4BF4-BFEB-93F97E343D5C}.Debug|Any CPU.Build.0 = Debug|Any CPU
		{65DD3524-36BA-4BF4-BFEB-93F97E343D5C}.Release|Any CPU.ActiveCfg = Release|Any CPU
		{65DD3524-36BA-4BF4-BFEB-93F97E343D5C}.Release|Any CPU.Build.0 = Release|Any CPU
	EndGlobalSection
	GlobalSection(SolutionProperties) = preSolution
		HideSolutionNode = FALSE
	EndGlobalSection
	GlobalSection(ExtensibilityGlobals) = postSolution
		SolutionGuid = {E063051F-C0BE-49D5-A19A-F4FF758BB94C}
	EndGlobalSection
EndGlobal
